{
  "name": "rpg",
  "version": "1.0.0",
  "lockfileVersion": 1,
  "requires": true,
  "dependencies": {
    "nan": {
      "version": "2.12.1",
      "resolved": "https://registry.npmjs.org/nan/-/nan-2.12.1.tgz",
      "integrity": "sha512-JY7V6lRkStKcKTvHO5NVSQRv+RV+FIL5pvDoLiAtSL9pKlC5x9PKQcZDsq7m4FO4d57mkhC6Z+QhAh3Jdk5JFw=="
    },
    "readline-sync": {
      "version": "1.4.9",
      "resolved": "https://registry.npmjs.org/readline-sync/-/readline-sync-1.4.9.tgz",
      "integrity": "sha1-PtqOZfI80qF+YTAbHwADOWr17No="
    },
    "sleep": {
      "version": "6.0.0",
      "resolved": "https://registry.npmjs.org/sleep/-/sleep-6.0.0.tgz",
      "integrity": "sha512-341eCKt4pBdfrE13TdUaRdhHk0CfoDOqHRnQxlKalI0dAuVij6M88MGOaW5l98s5hdc9VWwVvgJovLzejkuwTQ==",
      "requires": {
        "nan": "^2.12.1"
      }
    }
  }
}
